{
  "name": "frontend",
  "version": "0.0.0",
  "lockfileVersion": 3,
  "requires": true,
  "packages": {
    "": {
      "name": "frontend",
      "version": "0.0.0",
      "dependencies": {
        "@codemirror/basic-setup": "^0.19.3",
        "@codemirror/lang-cpp": "^0.19.1",
        "@codemirror/lang-javascript": "^0.19.7",
        "@codemirror/lang-python": "^0.19.5",
        "@codemirror/state": "^0.19.9",
        "@codemirror/view": "^0.19.48",
        "vue": "^3.5.12"
      },
      "devDependencies": {
        "@vitejs/plugin-vue": "^5.1.4",
        "vite": "^5.4.10"
      }
    },
    "node_modules/@babel/helper-string-parser": {
      "version": "7.25.9",
      "resolved": "https://registry.npmmirror.com/@babel/helper-string-parser/-/helper-string-parser-7.25.9.tgz",
      "integrity": "sha512-4A/SCr/2KLd5jrtOMFzaKjVtAei3+2r/NChoBNoZ3EyP/+GlhoaEGoWOZUmFmoITP7zOJyHIMm+DYRd8o3PvHA==",
      "engines": {
        "node": ">=6.9.0"
      }
    },
    "node_modules/@babel/helper-validator-identifier": {
      "version": "7.25.9",
      "resolved": "https://registry.npmmirror.com/@babel/helper-validator-identifier/-/helper-validator-identifier-7.25.9.tgz",
      "integrity": "sha512-Ed61U6XJc3CVRfkERJWDz4dJwKe7iLmmJsbOGu9wSloNSFttHV0I8g6UAgb7qnK5ly5bGLPd4oXZlxCdANBOWQ==",
      "engines": {
        "node": ">=6.9.0"
      }
    },
    "node_modules/@babel/parser": {
      "version": "7.26.2",
      "resolved": "https://registry.npmmirror.com/@babel/parser/-/parser-7.26.2.tgz",
      "integrity": "sha512-DWMCZH9WA4Maitz2q21SRKHo9QXZxkDsbNZoVD62gusNtNBBqDg9i7uOhASfTfIGNzW+O+r7+jAlM8dwphcJKQ==",
      "dependencies": {
        "@babel/types": "^7.26.0"
      },
      "bin": {
        "parser": "bin/babel-parser.js"
      },
      "engines": {
        "node": ">=6.0.0"
      }
    },
    "node_modules/@babel/types": {
      "version": "7.26.0",
      "resolved": "https://registry.npmmirror.com/@babel/types/-/types-7.26.0.tgz",
      "integrity": "sha512-Z/yiTPj+lDVnF7lWeKCIJzaIkI0vYO87dMpZ4bg4TDrFe4XXLFWL1TbXU27gBP3QccxV9mZICCrnjnYlJjXHOA==",
      "dependencies": {
        "@babel/helper-string-parser": "^7.25.9",
        "@babel/helper-validator-identifier": "^7.25.9"
      },
      "engines": {
        "node": ">=6.9.0"
      }
    },
    "node_modules/@codemirror/autocomplete": {
      "version": "0.19.15",
      "resolved": "https://registry.npmmirror.com/@codemirror/autocomplete/-/autocomplete-0.19.15.tgz",
      "integrity": "sha512-GQWzvvuXxNUyaEk+5gawbAD8s51/v2Chb++nx0e2eGWrphWk42isBtzOMdc3DxrxrZtPZ55q2ldNp+6G8KJLIQ==",
      "dependencies": {
        "@codemirror/language": "^0.19.0",
        "@codemirror/state": "^0.19.4",
        "@codemirror/text": "^0.19.2",
        "@codemirror/tooltip": "^0.19.12",
        "@codemirror/view": "^0.19.0",
        "@lezer/common": "^0.15.0"
      }
    },
    "node_modules/@codemirror/basic-setup": {
      "version": "0.19.3",
      "resolved": "https://registry.npmmirror.com/@codemirror/basic-setup/-/basic-setup-0.19.3.tgz",
      "integrity": "sha512-2hfO+QDk/HTpQzeYk1NyL1G9D5L7Sj78dtaQP8xBU42DKU9+OBPF5MdjLYnxP0jKzm6IfQfsLd89fnqW3rBVfQ==",
      "deprecated": "In version 6.0, this package has been renamed to just 'codemirror'",
      "dependencies": {
        "@codemirror/autocomplete": "^0.19.0",
        "@codemirror/closebrackets": "^0.19.0",
        "@codemirror/commands": "^0.19.0",
        "@codemirror/comment": "^0.19.0",
        "@codemirror/fold": "^0.19.0",
        "@codemirror/gutter": "^0.19.0",
        "@codemirror/highlight": "^0.19.0",
        "@codemirror/history": "^0.19.0",
        "@codemirror/language": "^0.19.0",
        "@codemirror/lint": "^0.19.0",
        "@codemirror/matchbrackets": "^0.19.0",
        "@codemirror/rectangular-selection": "^0.19.2",
        "@codemirror/search": "^0.19.0",
        "@codemirror/state": "^0.19.0",
        "@codemirror/view": "^0.19.31"
      }
    },
    "node_modules/@codemirror/closebrackets": {
      "version": "0.19.2",
      "resolved": "https://registry.npmmirror.com/@codemirror/closebrackets/-/closebrackets-0.19.2.tgz",
      "integrity": "sha512-ClMPzPcPP0eQiDcVjtVPl6OLxgdtZSYDazsvT0AKl70V1OJva0eHgl4/6kCW3RZ0pb2n34i9nJz4eXCmK+TYDA==",
      "deprecated": "As of 0.20.0, this package has been merged into @codemirror/autocomplete",
      "dependencies": {
        "@codemirror/language": "^0.19.0",
        "@codemirror/rangeset": "^0.19.0",
        "@codemirror/state": "^0.19.2",
        "@codemirror/text": "^0.19.0",
        "@codemirror/view": "^0.19.44"
      }
    },
    "node_modules/@codemirror/commands": {
      "version": "0.19.8",
      "resolved": "https://registry.npmmirror.com/@codemirror/commands/-/commands-0.19.8.tgz",
      "integrity": "sha512-65LIMSGUGGpY3oH6mzV46YWRrgao6NmfJ+AuC7jNz3K5NPnH6GCV1H5I6SwOFyVbkiygGyd0EFwrWqywTBD1aw==",
      "dependencies": {
        "@codemirror/language": "^0.19.0",
        "@codemirror/matchbrackets": "^0.19.0",
        "@codemirror/state": "^0.19.2",
        "@codemirror/text": "^0.19.6",
        "@codemirror/view": "^0.19.22",
        "@lezer/common": "^0.15.0"
      }
    },
    "node_modules/@codemirror/comment": {
      "version": "0.19.1",
      "resolved": "https://registry.npmmirror.com/@codemirror/comment/-/comment-0.19.1.tgz",
      "integrity": "sha512-uGKteBuVWAC6fW+Yt8u27DOnXMT/xV4Ekk2Z5mRsiADCZDqYvryrJd6PLL5+8t64BVyocwQwNfz1UswYS2CtFQ==",
      "deprecated": "As of 0.20.0, this package has been merged into @codemirror/commands",
      "dependencies": {
        "@codemirror/state": "^0.19.9",
        "@codemirror/text": "^0.19.0",
        "@codemirror/view": "^0.19.0"
      }
    },
    "node_modules/@codemirror/fold": {
      "version": "0.19.4",
      "resolved": "https://registry.npmmirror.com/@codemirror/fold/-/fold-0.19.4.tgz",
      "integrity": "sha512-0SNSkRSOa6gymD6GauHa3sxiysjPhUC0SRVyTlvL52o0gz9GHdc8kNqNQskm3fBtGGOiSriGwF/kAsajRiGhVw==",
      "deprecated": "As of 0.20.0, this package has been merged into @codemirror/language",
      "dependencies": {
        "@codemirror/gutter": "^0.19.0",
        "@codemirror/language": "^0.19.0",
        "@codemirror/rangeset": "^0.19.0",
        "@codemirror/state": "^0.19.0",
        "@codemirror/view": "^0.19.22"
      }
    },
    "node_modules/@codemirror/gutter": {
      "version": "0.19.9",
      "resolved": "https://registry.npmmirror.com/@codemirror/gutter/-/gutter-0.19.9.tgz",
      "integrity": "sha512-PFrtmilahin1g6uL27aG5tM/rqR9DZzZYZsIrCXA5Uc2OFTFqx4owuhoU9hqfYxHp5ovfvBwQ+txFzqS4vog6Q==",
      "deprecated": "As of 0.20.0, this package has been merged into @codemirror/view",
      "dependencies": {
        "@codemirror/rangeset": "^0.19.0",
        "@codemirror/state": "^0.19.0",
        "@codemirror/view": "^0.19.23"
      }
    },
    "node_modules/@codemirror/highlight": {
      "version": "0.19.8",
      "resolved": "https://registry.npmmirror.com/@codemirror/highlight/-/highlight-0.19.8.tgz",
      "integrity": "sha512-v/lzuHjrYR8MN2mEJcUD6fHSTXXli9C1XGYpr+ElV6fLBIUhMTNKR3qThp611xuWfXfwDxeL7ppcbkM/MzPV3A==",
      "deprecated": "As of 0.20.0, this package has been split between @lezer/highlight and @codemirror/language",
      "dependencies": {
        "@codemirror/language": "^0.19.0",
        "@codemirror/rangeset": "^0.19.0",
        "@codemirror/state": "^0.19.3",
        "@codemirror/view": "^0.19.39",
        "@lezer/common": "^0.15.0",
        "style-mod": "^4.0.0"
      }
    },
    "node_modules/@codemirror/history": {
      "version": "0.19.2",
      "resolved": "https://registry.npmmirror.com/@codemirror/history/-/history-0.19.2.tgz",
      "integrity": "sha512-unhP4t3N2smzmHoo/Yio6ueWi+il8gm9VKrvi6wlcdGH5fOfVDNkmjHQ495SiR+EdOG35+3iNebSPYww0vN7ow==",
      "deprecated": "As of 0.20.0, this package has been merged into @codemirror/commands",
      "dependencies": {
        "@codemirror/state": "^0.19.2",
        "@codemirror/view": "^0.19.0"
      }
    },
    "node_modules/@codemirror/lang-cpp": {
      "version": "0.19.1",
      "resolved": "https://registry.npmmirror.com/@codemirror/lang-cpp/-/lang-cpp-0.19.1.tgz",
      "integrity": "sha512-BGvZkfcqcalAwxocuE9DhH6gqflm5IjL/8mGTzc8bHzeP1N4innK8qo2G69ohEML4LDZv4WyXc3y4C9/zsGCGQ==",
      "dependencies": {
        "@codemirror/highlight": "^0.19.0",
        "@codemirror/language": "^0.19.0",
        "@lezer/cpp": "^0.15.0"
      }
    },
    "node_modules/@codemirror/lang-javascript": {
      "version": "0.19.7",
      "resolved": "https://registry.npmmirror.com/@codemirror/lang-javascript/-/lang-javascript-0.19.7.tgz",
      "integrity": "sha512-DL9f3JLqOEHH9cIwEqqjnP5bkjdVXeECksLtV+/MbPm+l4H+AG+PkwZaJQ2oR1GfPZKh8MVSIE94aGWNkJP8WQ==",
      "dependencies": {
        "@codemirror/autocomplete": "^0.19.0",
        "@codemirror/highlight": "^0.19.7",
        "@codemirror/language": "^0.19.0",
        "@codemirror/lint": "^0.19.0",
        "@codemirror/state": "^0.19.0",
        "@codemirror/view": "^0.19.0",
        "@lezer/javascript": "^0.15.1"
      }
    },
    "node_modules/@codemirror/lang-python": {
      "version": "0.19.5",
      "resolved": "https://registry.npmmirror.com/@codemirror/lang-python/-/lang-python-0.19.5.tgz",
      "integrity": "sha512-MQf7t0k6+i9KCzlFCI8EY+jjwyXLy5AwjmXsMyMCMbOw/97j70jFZYrs7Mm7RJakNE2rypWhnLGlyBTSYMqR5g==",
      "dependencies": {
        "@codemirror/highlight": "^0.19.7",
        "@codemirror/language": "^0.19.0",
        "@lezer/python": "^0.15.0"
      }
    },
    "node_modules/@codemirror/language": {
      "version": "0.19.10",
      "resolved": "https://registry.npmmirror.com/@codemirror/language/-/language-0.19.10.tgz",
      "integrity": "sha512-yA0DZ3RYn2CqAAGW62VrU8c4YxscMQn45y/I9sjBlqB1e2OTQLg4CCkMBuMSLXk4xaqjlsgazeOQWaJQOKfV8Q==",
      "dependencies": {
        "@codemirror/state": "^0.19.0",
        "@codemirror/text": "^0.19.0",
        "@codemirror/view": "^0.19.0",
        "@lezer/common": "^0.15.5",
        "@lezer/lr": "^0.15.0"
      }
    },
    "node_modules/@codemirror/lint": {
      "version": "0.19.6",
      "resolved": "https://registry.npmmirror.com/@codemirror/lint/-/lint-0.19.6.tgz",
      "integrity": "sha512-Pbw1Y5kHVs2J+itQ0uez3dI4qY9ApYVap7eNfV81x1/3/BXgBkKfadaw0gqJ4h4FDG7OnJwb0VbPsjJQllHjaA==",
      "dependencies": {
        "@codemirror/gutter": "^0.19.4",
        "@codemirror/panel": "^0.19.0",
        "@codemirror/rangeset": "^0.19.1",
        "@codemirror/state": "^0.19.4",
        "@codemirror/tooltip": "^0.19.16",
        "@codemirror/view": "^0.19.22",
        "crelt": "^1.0.5"
      }
    },
    "node_modules/@codemirror/matchbrackets": {
      "version": "0.19.4",
      "resolved": "https://registry.npmmirror.com/@codemirror/matchbrackets/-/matchbrackets-0.19.4.tgz",
      "integrity": "sha512-VFkaOKPNudAA5sGP1zikRHCEKU0hjYmkKpr04pybUpQvfTvNJXlReCyP0rvH/1iEwAGPL990ZTT+QrLdu4MeEA==",
      "deprecated": "As of 0.20.0, this package has been merged into @codemirror/language",
      "dependencies": {
        "@codemirror/language": "^0.19.0",
        "@codemirror/state": "^0.19.0",
        "@codemirror/view": "^0.19.0",
        "@lezer/common": "^0.15.0"
      }
    },
    "node_modules/@codemirror/panel": {
      "version": "0.19.1",
      "resolved": "https://registry.npmmirror.com/@codemirror/panel/-/panel-0.19.1.tgz",
      "integrity": "sha512-sYeOCMA3KRYxZYJYn5PNlt9yNsjy3zTNTrbYSfVgjgL9QomIVgOJWPO5hZ2sTN8lufO6lw0vTBsIPL9MSidmBg==",
      "deprecated": "As of 0.20.0, this package has been merged into @codemirror/view",
      "dependencies": {
        "@codemirror/state": "^0.19.0",
        "@codemirror/view": "^0.19.0"
      }
    },
    "node_modules/@codemirror/rangeset": {
      "version": "0.19.9",
      "resolved": "https://registry.npmmirror.com/@codemirror/rangeset/-/rangeset-0.19.9.tgz",
      "integrity": "sha512-V8YUuOvK+ew87Xem+71nKcqu1SXd5QROMRLMS/ljT5/3MCxtgrRie1Cvild0G/Z2f1fpWxzX78V0U4jjXBorBQ==",
      "deprecated": "As of 0.20.0, this package has been merged into @codemirror/state",
      "dependencies": {
        "@codemirror/state": "^0.19.0"
      }
    },
    "node_modules/@codemirror/rectangular-selection": {
      "version": "0.19.2",
      "resolved": "https://registry.npmmirror.com/@codemirror/rectangular-selection/-/rectangular-selection-0.19.2.tgz",
      "integrity": "sha512-AXK/p5eGwFJ9GJcLfntqN4dgY+XiIF7eHfXNQJX5HhQLSped2wJE6WuC1rMEaOlcpOqlb9mrNi/ZdUjSIj9mbA==",
      "deprecated": "As of 0.20.0, this package has been merged into @codemirror/view",
      "dependencies": {
        "@codemirror/state": "^0.19.0",
        "@codemirror/text": "^0.19.4",
        "@codemirror/view": "^0.19.48"
      }
    },
    "node_modules/@codemirror/search": {
      "version": "0.19.10",
      "resolved": "https://registry.npmmirror.com/@codemirror/search/-/search-0.19.10.tgz",
      "integrity": "sha512-qjubm69HJixPBWzI6HeEghTWOOD8NXiHOTRNvdizqs8xWRuFChq9zkjD3XiAJ7GXSTzCuQJnAP9DBBGCLq4ZIA==",
      "dependencies": {
        "@codemirror/panel": "^0.19.0",
        "@codemirror/rangeset": "^0.19.0",
        "@codemirror/state": "^0.19.3",
        "@codemirror/text": "^0.19.0",
        "@codemirror/view": "^0.19.34",
        "crelt": "^1.0.5"
      }
    },
    "node_modules/@codemirror/state": {
      "version": "0.19.9",
      "resolved": "https://registry.npmmirror.com/@codemirror/state/-/state-0.19.9.tgz",
      "integrity": "sha512-psOzDolKTZkx4CgUqhBQ8T8gBc0xN5z4gzed109aF6x7D7umpDRoimacI/O6d9UGuyl4eYuDCZmDFr2Rq7aGOw==",
      "dependencies": {
        "@codemirror/text": "^0.19.0"
      }
    },
    "node_modules/@codemirror/text": {
      "version": "0.19.6",
      "resolved": "https://registry.npmmirror.com/@codemirror/text/-/text-0.19.6.tgz",
      "integrity": "sha512-T9jnREMIygx+TPC1bOuepz18maGq/92q2a+n4qTqObKwvNMg+8cMTslb8yxeEDEq7S3kpgGWxgO1UWbQRij0dA==",
      "deprecated": "As of 0.20.0, this package has been merged into @codemirror/state"
    },
    "node_modules/@codemirror/tooltip": {
      "version": "0.19.16",
      "resolved": "https://registry.npmmirror.com/@codemirror/tooltip/-/tooltip-0.19.16.tgz",
      "integrity": "sha512-zxKDHryUV5/RS45AQL+wOeN+i7/l81wK56OMnUPoTSzCWNITfxHn7BToDsjtrRKbzHqUxKYmBnn/4hPjpZ4WJQ==",
      "deprecated": "As of 0.20.0, this package has been merged into @codemirror/view",
      "dependencies": {
        "@codemirror/state": "^0.19.0",
        "@codemirror/view": "^0.19.0"
      }
    },
    "node_modules/@codemirror/view": {
      "version": "0.19.48",
      "resolved": "https://registry.npmmirror.com/@codemirror/view/-/view-0.19.48.tgz",
      "integrity": "sha512-0eg7D2Nz4S8/caetCTz61rK0tkHI17V/d15Jy0kLOT8dTLGGNJUponDnW28h2B6bERmPlVHKh8MJIr5OCp1nGw==",
      "dependencies": {
        "@codemirror/rangeset": "^0.19.5",
        "@codemirror/state": "^0.19.3",
        "@codemirror/text": "^0.19.0",
        "style-mod": "^4.0.0",
        "w3c-keyname": "^2.2.4"
      }
    },
    "node_modules/@esbuild/aix-ppc64": {
      "version": "0.21.5",
      "resolved": "https://registry.npmmirror.com/@esbuild/aix-ppc64/-/aix-ppc64-0.21.5.tgz",
      "integrity": "sha512-1SDgH6ZSPTlggy1yI6+Dbkiz8xzpHJEVAlF/AM1tHPLsf5STom9rwtjE4hKAF20FfXXNTFqEYXyJNWh1GiZedQ==",
      "cpu": [
        "ppc64"
      ],
      "dev": true,
      "optional": true,
      "os": [
        "aix"
      ],
      "engines": {
        "node": ">=12"
      }
    },
    "node_modules/@esbuild/android-arm": {
      "version": "0.21.5",
      "resolved": "https://registry.npmmirror.com/@esbuild/android-arm/-/android-arm-0.21.5.tgz",
      "integrity": "sha512-vCPvzSjpPHEi1siZdlvAlsPxXl7WbOVUBBAowWug4rJHb68Ox8KualB+1ocNvT5fjv6wpkX6o/iEpbDrf68zcg==",
      "cpu": [
        "arm"
      ],
      "dev": true,
      "optional": true,
      "os": [
        "android"
      ],
      "engines": {
        "node": ">=12"
      }
    },
    "node_modules/@esbuild/android-arm64": {
      "version": "0.21.5",
      "resolved": "https://registry.npmmirror.com/@esbuild/android-arm64/-/android-arm64-0.21.5.tgz",
      "integrity": "sha512-c0uX9VAUBQ7dTDCjq+wdyGLowMdtR/GoC2U5IYk/7D1H1JYC0qseD7+11iMP2mRLN9RcCMRcjC4YMclCzGwS/A==",
      "cpu": [
        "arm64"
      ],
      "dev": true,
      "optional": true,
      "os": [
        "android"
      ],
      "engines": {
        "node": ">=12"
      }
    },
    "node_modules/@esbuild/android-x64": {
      "version": "0.21.5",
      "resolved": "https://registry.npmmirror.com/@esbuild/android-x64/-/android-x64-0.21.5.tgz",
      "integrity": "sha512-D7aPRUUNHRBwHxzxRvp856rjUHRFW1SdQATKXH2hqA0kAZb1hKmi02OpYRacl0TxIGz/ZmXWlbZgjwWYaCakTA==",
      "cpu": [
        "x64"
      ],
      "dev": true,
      "optional": true,
      "os": [
        "android"
      ],
      "engines": {
        "node": ">=12"
      }
    },
    "node_modules/@esbuild/darwin-arm64": {
      "version": "0.21.5",
      "resolved": "https://registry.npmmirror.com/@esbuild/darwin-arm64/-/darwin-arm64-0.21.5.tgz",
      "integrity": "sha512-DwqXqZyuk5AiWWf3UfLiRDJ5EDd49zg6O9wclZ7kUMv2WRFr4HKjXp/5t8JZ11QbQfUS6/cRCKGwYhtNAY88kQ==",
      "cpu": [
        "arm64"
      ],
      "dev": true,
      "optional": true,
      "os": [
        "darwin"
      ],
      "engines": {
        "node": ">=12"
      }
    },
    "node_modules/@esbuild/darwin-x64": {
      "version": "0.21.5",
      "resolved": "https://registry.npmmirror.com/@esbuild/darwin-x64/-/darwin-x64-0.21.5.tgz",
      "integrity": "sha512-se/JjF8NlmKVG4kNIuyWMV/22ZaerB+qaSi5MdrXtd6R08kvs2qCN4C09miupktDitvh8jRFflwGFBQcxZRjbw==",
      "cpu": [
        "x64"
      ],
      "dev": true,
      "optional": true,
      "os": [
        "darwin"
      ],
      "engines": {
        "node": ">=12"
      }
    },
    "node_modules/@esbuild/freebsd-arm64": {
      "version": "0.21.5",
      "resolved": "https://registry.npmmirror.com/@esbuild/freebsd-arm64/-/freebsd-arm64-0.21.5.tgz",
      "integrity": "sha512-5JcRxxRDUJLX8JXp/wcBCy3pENnCgBR9bN6JsY4OmhfUtIHe3ZW0mawA7+RDAcMLrMIZaf03NlQiX9DGyB8h4g==",
      "cpu": [
        "arm64"
      ],
      "dev": true,
      "optional": true,
      "os": [
        "freebsd"
      ],
      "engines": {
        "node": ">=12"
      }
    },
    "node_modules/@esbuild/freebsd-x64": {
      "version": "0.21.5",
      "resolved": "https://registry.npmmirror.com/@esbuild/freebsd-x64/-/freebsd-x64-0.21.5.tgz",
      "integrity": "sha512-J95kNBj1zkbMXtHVH29bBriQygMXqoVQOQYA+ISs0/2l3T9/kj42ow2mpqerRBxDJnmkUDCaQT/dfNXWX/ZZCQ==",
      "cpu": [
        "x64"
      ],
      "dev": true,
      "optional": true,
      "os": [
        "freebsd"
      ],
      "engines": {
        "node": ">=12"
      }
    },
    "node_modules/@esbuild/linux-arm": {
      "version": "0.21.5",
      "resolved": "https://registry.npmmirror.com/@esbuild/linux-arm/-/linux-arm-0.21.5.tgz",
      "integrity": "sha512-bPb5AHZtbeNGjCKVZ9UGqGwo8EUu4cLq68E95A53KlxAPRmUyYv2D6F0uUI65XisGOL1hBP5mTronbgo+0bFcA==",
      "cpu": [
        "arm"
      ],
      "dev": true,
      "optional": true,
      "os": [
        "linux"
      ],
      "engines": {
        "node": ">=12"
      }
    },
    "node_modules/@esbuild/linux-arm64": {
      "version": "0.21.5",
      "resolved": "https://registry.npmmirror.com/@esbuild/linux-arm64/-/linux-arm64-0.21.5.tgz",
      "integrity": "sha512-ibKvmyYzKsBeX8d8I7MH/TMfWDXBF3db4qM6sy+7re0YXya+K1cem3on9XgdT2EQGMu4hQyZhan7TeQ8XkGp4Q==",
      "cpu": [
        "arm64"
      ],
      "dev": true,
      "optional": true,
      "os": [
        "linux"
      ],
      "engines": {
        "node": ">=12"
      }
    },
    "node_modules/@esbuild/linux-ia32": {
      "version": "0.21.5",
      "resolved": "https://registry.npmmirror.com/@esbuild/linux-ia32/-/linux-ia32-0.21.5.tgz",
      "integrity": "sha512-YvjXDqLRqPDl2dvRODYmmhz4rPeVKYvppfGYKSNGdyZkA01046pLWyRKKI3ax8fbJoK5QbxblURkwK/MWY18Tg==",
      "cpu": [
        "ia32"
      ],
      "dev": true,
      "optional": true,
      "os": [
        "linux"
      ],
      "engines": {
        "node": ">=12"
      }
    },
    "node_modules/@esbuild/linux-loong64": {
      "version": "0.21.5",
      "resolved": "https://registry.npmmirror.com/@esbuild/linux-loong64/-/linux-loong64-0.21.5.tgz",
      "integrity": "sha512-uHf1BmMG8qEvzdrzAqg2SIG/02+4/DHB6a9Kbya0XDvwDEKCoC8ZRWI5JJvNdUjtciBGFQ5PuBlpEOXQj+JQSg==",
      "cpu": [
        "loong64"
      ],
      "dev": true,
      "optional": true,
      "os": [
        "linux"
      ],
      "engines": {
        "node": ">=12"
      }
    },
    "node_modules/@esbuild/linux-mips64el": {
      "version": "0.21.5",
      "resolved": "https://registry.npmmirror.com/@esbuild/linux-mips64el/-/linux-mips64el-0.21.5.tgz",
      "integrity": "sha512-IajOmO+KJK23bj52dFSNCMsz1QP1DqM6cwLUv3W1QwyxkyIWecfafnI555fvSGqEKwjMXVLokcV5ygHW5b3Jbg==",
      "cpu": [
        "mips64el"
      ],
      "dev": true,
      "optional": true,
      "os": [
        "linux"
      ],
      "engines": {
        "node": ">=12"
      }
    },
    "node_modules/@esbuild/linux-ppc64": {
      "version": "0.21.5",
      "resolved": "https://registry.npmmirror.com/@esbuild/linux-ppc64/-/linux-ppc64-0.21.5.tgz",
      "integrity": "sha512-1hHV/Z4OEfMwpLO8rp7CvlhBDnjsC3CttJXIhBi+5Aj5r+MBvy4egg7wCbe//hSsT+RvDAG7s81tAvpL2XAE4w==",
      "cpu": [
        "ppc64"
      ],
      "dev": true,
      "optional": true,
      "os": [
        "linux"
      ],
      "engines": {
        "node": ">=12"
      }
    },
    "node_modules/@esbuild/linux-riscv64": {
      "version": "0.21.5",
      "resolved": "https://registry.npmmirror.com/@esbuild/linux-riscv64/-/linux-riscv64-0.21.5.tgz",
      "integrity": "sha512-2HdXDMd9GMgTGrPWnJzP2ALSokE/0O5HhTUvWIbD3YdjME8JwvSCnNGBnTThKGEB91OZhzrJ4qIIxk/SBmyDDA==",
      "cpu": [
        "riscv64"
      ],
      "dev": true,
      "optional": true,
      "os": [
        "linux"
      ],
      "engines": {
        "node": ">=12"
      }
    },
    "node_modules/@esbuild/linux-s390x": {
      "version": "0.21.5",
      "resolved": "https://registry.npmmirror.com/@esbuild/linux-s390x/-/linux-s390x-0.21.5.tgz",
      "integrity": "sha512-zus5sxzqBJD3eXxwvjN1yQkRepANgxE9lgOW2qLnmr8ikMTphkjgXu1HR01K4FJg8h1kEEDAqDcZQtbrRnB41A==",
      "cpu": [
        "s390x"
      ],
      "dev": true,
      "optional": true,
      "os": [
        "linux"
      ],
      "engines": {
        "node": ">=12"
      }
    },
    "node_modules/@esbuild/linux-x64": {
      "version": "0.21.5",
      "resolved": "https://registry.npmmirror.com/@esbuild/linux-x64/-/linux-x64-0.21.5.tgz",
      "integrity": "sha512-1rYdTpyv03iycF1+BhzrzQJCdOuAOtaqHTWJZCWvijKD2N5Xu0TtVC8/+1faWqcP9iBCWOmjmhoH94dH82BxPQ==",
      "cpu": [
        "x64"
      ],
      "dev": true,
      "optional": true,
      "os": [
        "linux"
      ],
      "engines": {
        "node": ">=12"
      }
    },
    "node_modules/@esbuild/netbsd-x64": {
      "version": "0.21.5",
      "resolved": "https://registry.npmmirror.com/@esbuild/netbsd-x64/-/netbsd-x64-0.21.5.tgz",
      "integrity": "sha512-Woi2MXzXjMULccIwMnLciyZH4nCIMpWQAs049KEeMvOcNADVxo0UBIQPfSmxB3CWKedngg7sWZdLvLczpe0tLg==",
      "cpu": [
        "x64"
      ],
      "dev": true,
      "optional": true,
      "os": [
        "netbsd"
      ],
      "engines": {
        "node": ">=12"
      }
    },
    "node_modules/@esbuild/openbsd-x64": {
      "version": "0.21.5",
      "resolved": "https://registry.npmmirror.com/@esbuild/openbsd-x64/-/openbsd-x64-0.21.5.tgz",
      "integrity": "sha512-HLNNw99xsvx12lFBUwoT8EVCsSvRNDVxNpjZ7bPn947b8gJPzeHWyNVhFsaerc0n3TsbOINvRP2byTZ5LKezow==",
      "cpu": [
        "x64"
      ],
      "dev": true,
      "optional": true,
      "os": [
        "openbsd"
      ],
      "engines": {
        "node": ">=12"
      }
    },
    "node_modules/@esbuild/sunos-x64": {
      "version": "0.21.5",
      "resolved": "https://registry.npmmirror.com/@esbuild/sunos-x64/-/sunos-x64-0.21.5.tgz",
      "integrity": "sha512-6+gjmFpfy0BHU5Tpptkuh8+uw3mnrvgs+dSPQXQOv3ekbordwnzTVEb4qnIvQcYXq6gzkyTnoZ9dZG+D4garKg==",
      "cpu": [
        "x64"
      ],
      "dev": true,
      "optional": true,
      "os": [
        "sunos"
      ],
      "engines": {
        "node": ">=12"
      }
    },
    "node_modules/@esbuild/win32-arm64": {
      "version": "0.21.5",
      "resolved": "https://registry.npmmirror.com/@esbuild/win32-arm64/-/win32-arm64-0.21.5.tgz",
      "integrity": "sha512-Z0gOTd75VvXqyq7nsl93zwahcTROgqvuAcYDUr+vOv8uHhNSKROyU961kgtCD1e95IqPKSQKH7tBTslnS3tA8A==",
      "cpu": [
        "arm64"
      ],
      "dev": true,
      "optional": true,
      "os": [
        "win32"
      ],
      "engines": {
        "node": ">=12"
      }
    },
    "node_modules/@esbuild/win32-ia32": {
      "version": "0.21.5",
      "resolved": "https://registry.npmmirror.com/@esbuild/win32-ia32/-/win32-ia32-0.21.5.tgz",
      "integrity": "sha512-SWXFF1CL2RVNMaVs+BBClwtfZSvDgtL//G/smwAc5oVK/UPu2Gu9tIaRgFmYFFKrmg3SyAjSrElf0TiJ1v8fYA==",
      "cpu": [
        "ia32"
      ],
      "dev": true,
      "optional": true,
      "os": [
        "win32"
      ],
      "engines": {
        "node": ">=12"
      }
    },
    "node_modules/@esbuild/win32-x64": {
      "version": "0.21.5",
      "resolved": "https://registry.npmmirror.com/@esbuild/win32-x64/-/win32-x64-0.21.5.tgz",
      "integrity": "sha512-tQd/1efJuzPC6rCFwEvLtci/xNFcTZknmXs98FYDfGE4wP9ClFV98nyKrzJKVPMhdDnjzLhdUyMX4PsQAPjwIw==",
      "cpu": [
        "x64"
      ],
      "dev": true,
      "optional": true,
      "os": [
        "win32"
      ],
      "engines": {
        "node": ">=12"
      }
    },
    "node_modules/@jridgewell/sourcemap-codec": {
      "version": "1.5.0",
      "resolved": "https://registry.npmmirror.com/@jridgewell/sourcemap-codec/-/sourcemap-codec-1.5.0.tgz",
      "integrity": "sha512-gv3ZRaISU3fjPAgNsriBRqGWQL6quFx04YMPW/zD8XMLsU32mhCCbfbO6KZFLjvYpCZ8zyDEgqsgf+PwPaM7GQ=="
    },
    "node_modules/@lezer/common": {
      "version": "0.15.12",
      "resolved": "https://registry.npmmirror.com/@lezer/common/-/common-0.15.12.tgz",
      "integrity": "sha512-edfwCxNLnzq5pBA/yaIhwJ3U3Kz8VAUOTRg0hhxaizaI1N+qxV7EXDv/kLCkLeq2RzSFvxexlaj5Mzfn2kY0Ig=="
    },
    "node_modules/@lezer/cpp": {
      "version": "0.15.3",
      "resolved": "https://registry.npmmirror.com/@lezer/cpp/-/cpp-0.15.3.tgz",
      "integrity": "sha512-QE5YxhnoQ4eJH9G2h5r+m4Zq7d/0NmA0eAnZmiOVggI7a3jpODIXZeJbkUPf4U2yzNCSWAGpZVk8XxkA+cTZvA==",
      "dependencies": {
        "@lezer/lr": "^0.15.0"
      }
    },
    "node_modules/@lezer/javascript": {
      "version": "0.15.3",
      "resolved": "https://registry.npmmirror.com/@lezer/javascript/-/javascript-0.15.3.tgz",
      "integrity": "sha512-8jA2NpOfpWwSPZxRhd9BxK2ZPvGd7nLE3LFTJ5AbMhXAzMHeMjneV6GEVd7dAIee85dtap0jdb6bgOSO0+lfwA==",
      "dependencies": {
        "@lezer/lr": "^0.15.0"
      }
    },
    "node_modules/@lezer/lr": {
      "version": "0.15.8",
      "resolved": "https://registry.npmmirror.com/@lezer/lr/-/lr-0.15.8.tgz",
      "integrity": "sha512-bM6oE6VQZ6hIFxDNKk8bKPa14hqFrV07J/vHGOeiAbJReIaQXmkVb6xQu4MR+JBTLa5arGRyAAjJe1qaQt3Uvg==",
      "dependencies": {
        "@lezer/common": "^0.15.0"
      }
    },
    "node_modules/@lezer/python": {
      "version": "0.15.1",
      "resolved": "https://registry.npmmirror.com/@lezer/python/-/python-0.15.1.tgz",
      "integrity": "sha512-Xdb2nh+FoxR8ssEADGsroDtsnP+EDhiPpW9zhER3h+6cpGtZ2e9Oq/Rwn9nFQRiKCfMT+AQaqC3ZgAbhbnumyQ==",
      "dependencies": {
        "@lezer/lr": "^0.15.0"
      }
    },
    "node_modules/@rollup/rollup-android-arm-eabi": {
      "version": "4.24.3",
      "resolved": "https://registry.npmmirror.com/@rollup/rollup-android-arm-eabi/-/rollup-android-arm-eabi-4.24.3.tgz",
      "integrity": "sha512-ufb2CH2KfBWPJok95frEZZ82LtDl0A6QKTa8MoM+cWwDZvVGl5/jNb79pIhRvAalUu+7LD91VYR0nwRD799HkQ==",
      "cpu": [
        "arm"
      ],
      "dev": true,
      "optional": true,
      "os": [
        "android"
      ]
    },
    "node_modules/@rollup/rollup-android-arm64": {
      "version": "4.24.3",
      "resolved": "https://registry.npmmirror.com/@rollup/rollup-android-arm64/-/rollup-android-arm64-4.24.3.tgz",
      "integrity": "sha512-iAHpft/eQk9vkWIV5t22V77d90CRofgR2006UiCjHcHJFVI1E0oBkQIAbz+pLtthFw3hWEmVB4ilxGyBf48i2Q==",
      "cpu": [
        "arm64"
      ],
      "dev": true,
      "optional": true,
      "os": [
        "android"
      ]
    },
    "node_modules/@rollup/rollup-darwin-arm64": {
      "version": "4.24.3",
      "resolved": "https://registry.npmmirror.com/@rollup/rollup-darwin-arm64/-/rollup-darwin-arm64-4.24.3.tgz",
      "integrity": "sha512-QPW2YmkWLlvqmOa2OwrfqLJqkHm7kJCIMq9kOz40Zo9Ipi40kf9ONG5Sz76zszrmIZZ4hgRIkez69YnTHgEz1w==",
      "cpu": [
        "arm64"
      ],
      "dev": true,
      "optional": true,
      "os": [
        "darwin"
      ]
    },
    "node_modules/@rollup/rollup-darwin-x64": {
      "version": "4.24.3",
      "resolved": "https://registry.npmmirror.com/@rollup/rollup-darwin-x64/-/rollup-darwin-x64-4.24.3.tgz",
      "integrity": "sha512-KO0pN5x3+uZm1ZXeIfDqwcvnQ9UEGN8JX5ufhmgH5Lz4ujjZMAnxQygZAVGemFWn+ZZC0FQopruV4lqmGMshow==",
      "cpu": [
        "x64"
      ],
      "dev": true,
      "optional": true,
      "os": [
        "darwin"
      ]
    },
    "node_modules/@rollup/rollup-freebsd-arm64": {
      "version": "4.24.3",
      "resolved": "https://registry.npmmirror.com/@rollup/rollup-freebsd-arm64/-/rollup-freebsd-arm64-4.24.3.tgz",
      "integrity": "sha512-CsC+ZdIiZCZbBI+aRlWpYJMSWvVssPuWqrDy/zi9YfnatKKSLFCe6fjna1grHuo/nVaHG+kiglpRhyBQYRTK4A==",
      "cpu": [
        "arm64"
      ],
      "dev": true,
      "optional": true,
      "os": [
        "freebsd"
      ]
    },
    "node_modules/@rollup/rollup-freebsd-x64": {
      "version": "4.24.3",
      "resolved": "https://registry.npmmirror.com/@rollup/rollup-freebsd-x64/-/rollup-freebsd-x64-4.24.3.tgz",
      "integrity": "sha512-F0nqiLThcfKvRQhZEzMIXOQG4EeX61im61VYL1jo4eBxv4aZRmpin6crnBJQ/nWnCsjH5F6J3W6Stdm0mBNqBg==",
      "cpu": [
        "x64"
      ],
      "dev": true,
      "optional": true,
      "os": [
        "freebsd"
      ]
    },
    "node_modules/@rollup/rollup-linux-arm-gnueabihf": {
      "version": "4.24.3",
      "resolved": "https://registry.npmmirror.com/@rollup/rollup-linux-arm-gnueabihf/-/rollup-linux-arm-gnueabihf-4.24.3.tgz",
      "integrity": "sha512-KRSFHyE/RdxQ1CSeOIBVIAxStFC/hnBgVcaiCkQaVC+EYDtTe4X7z5tBkFyRoBgUGtB6Xg6t9t2kulnX6wJc6A==",
      "cpu": [
        "arm"
      ],
      "dev": true,
      "optional": true,
      "os": [
        "linux"
      ]
    },
    "node_modules/@rollup/rollup-linux-arm-musleabihf": {
      "version": "4.24.3",
      "resolved": "https://registry.npmmirror.com/@rollup/rollup-linux-arm-musleabihf/-/rollup-linux-arm-musleabihf-4.24.3.tgz",
      "integrity": "sha512-h6Q8MT+e05zP5BxEKz0vi0DhthLdrNEnspdLzkoFqGwnmOzakEHSlXfVyA4HJ322QtFy7biUAVFPvIDEDQa6rw==",
      "cpu": [
        "arm"
      ],
      "dev": true,
      "optional": true,
      "os": [
        "linux"
      ]
    },
    "node_modules/@rollup/rollup-linux-arm64-gnu": {
      "version": "4.24.3",
      "resolved": "https://registry.npmmirror.com/@rollup/rollup-linux-arm64-gnu/-/rollup-linux-arm64-gnu-4.24.3.tgz",
      "integrity": "sha512-fKElSyXhXIJ9pqiYRqisfirIo2Z5pTTve5K438URf08fsypXrEkVmShkSfM8GJ1aUyvjakT+fn2W7Czlpd/0FQ==",
      "cpu": [
        "arm64"
      ],
      "dev": true,
      "optional": true,
      "os": [
        "linux"
      ]
    },
    "node_modules/@rollup/rollup-linux-arm64-musl": {
      "version": "4.24.3",
      "resolved": "https://registry.npmmirror.com/@rollup/rollup-linux-arm64-musl/-/rollup-linux-arm64-musl-4.24.3.tgz",
      "integrity": "sha512-YlddZSUk8G0px9/+V9PVilVDC6ydMz7WquxozToozSnfFK6wa6ne1ATUjUvjin09jp34p84milxlY5ikueoenw==",
      "cpu": [
        "arm64"
      ],
      "dev": true,
      "optional": true,
      "os": [
        "linux"
      ]
    },
    "node_modules/@rollup/rollup-linux-powerpc64le-gnu": {
      "version": "4.24.3",
      "resolved": "https://registry.npmmirror.com/@rollup/rollup-linux-powerpc64le-gnu/-/rollup-linux-powerpc64le-gnu-4.24.3.tgz",
      "integrity": "sha512-yNaWw+GAO8JjVx3s3cMeG5Esz1cKVzz8PkTJSfYzE5u7A+NvGmbVFEHP+BikTIyYWuz0+DX9kaA3pH9Sqxp69g==",
      "cpu": [
        "ppc64"
      ],
      "dev": true,
      "optional": true,
      "os": [
        "linux"
      ]
    },
    "node_modules/@rollup/rollup-linux-riscv64-gnu": {
      "version": "4.24.3",
      "resolved": "https://registry.npmmirror.com/@rollup/rollup-linux-riscv64-gnu/-/rollup-linux-riscv64-gnu-4.24.3.tgz",
      "integrity": "sha512-lWKNQfsbpv14ZCtM/HkjCTm4oWTKTfxPmr7iPfp3AHSqyoTz5AgLemYkWLwOBWc+XxBbrU9SCokZP0WlBZM9lA==",
      "cpu": [
        "riscv64"
      ],
      "dev": true,
      "optional": true,
      "os": [
        "linux"
      ]
    },
    "node_modules/@rollup/rollup-linux-s390x-gnu": {
      "version": "4.24.3",
      "resolved": "https://registry.npmmirror.com/@rollup/rollup-linux-s390x-gnu/-/rollup-linux-s390x-gnu-4.24.3.tgz",
      "integrity": "sha512-HoojGXTC2CgCcq0Woc/dn12wQUlkNyfH0I1ABK4Ni9YXyFQa86Fkt2Q0nqgLfbhkyfQ6003i3qQk9pLh/SpAYw==",
      "cpu": [
        "s390x"
      ],
      "dev": true,
      "optional": true,
      "os": [
        "linux"
      ]
    },
    "node_modules/@rollup/rollup-linux-x64-gnu": {
      "version": "4.24.3",
      "resolved": "https://registry.npmmirror.com/@rollup/rollup-linux-x64-gnu/-/rollup-linux-x64-gnu-4.24.3.tgz",
      "integrity": "sha512-mnEOh4iE4USSccBOtcrjF5nj+5/zm6NcNhbSEfR3Ot0pxBwvEn5QVUXcuOwwPkapDtGZ6pT02xLoPaNv06w7KQ==",
      "cpu": [
        "x64"
      ],
      "dev": true,
      "optional": true,
      "os": [
        "linux"
      ]
    },
    "node_modules/@rollup/rollup-linux-x64-musl": {
      "version": "4.24.3",
      "resolved": "https://registry.npmmirror.com/@rollup/rollup-linux-x64-musl/-/rollup-linux-x64-musl-4.24.3.tgz",
      "integrity": "sha512-rMTzawBPimBQkG9NKpNHvquIUTQPzrnPxPbCY1Xt+mFkW7pshvyIS5kYgcf74goxXOQk0CP3EoOC1zcEezKXhw==",
      "cpu": [
        "x64"
      ],
      "dev": true,
      "optional": true,
      "os": [
        "linux"
      ]
    },
    "node_modules/@rollup/rollup-win32-arm64-msvc": {
      "version": "4.24.3",
      "resolved": "https://registry.npmmirror.com/@rollup/rollup-win32-arm64-msvc/-/rollup-win32-arm64-msvc-4.24.3.tgz",
      "integrity": "sha512-2lg1CE305xNvnH3SyiKwPVsTVLCg4TmNCF1z7PSHX2uZY2VbUpdkgAllVoISD7JO7zu+YynpWNSKAtOrX3AiuA==",
      "cpu": [
        "arm64"
      ],
      "dev": true,
      "optional": true,
      "os": [
        "win32"
      ]
    },
    "node_modules/@rollup/rollup-win32-ia32-msvc": {
      "version": "4.24.3",
      "resolved": "https://registry.npmmirror.com/@rollup/rollup-win32-ia32-msvc/-/rollup-win32-ia32-msvc-4.24.3.tgz",
      "integrity": "sha512-9SjYp1sPyxJsPWuhOCX6F4jUMXGbVVd5obVpoVEi8ClZqo52ViZewA6eFz85y8ezuOA+uJMP5A5zo6Oz4S5rVQ==",
      "cpu": [
        "ia32"
      ],
      "dev": true,
      "optional": true,
      "os": [
        "win32"
      ]
    },
    "node_modules/@rollup/rollup-win32-x64-msvc": {
      "version": "4.24.3",
      "resolved": "https://registry.npmmirror.com/@rollup/rollup-win32-x64-msvc/-/rollup-win32-x64-msvc-4.24.3.tgz",
      "integrity": "sha512-HGZgRFFYrMrP3TJlq58nR1xy8zHKId25vhmm5S9jETEfDf6xybPxsavFTJaufe2zgOGYJBskGlj49CwtEuFhWQ==",
      "cpu": [
        "x64"
      ],
      "dev": true,
      "optional": true,
      "os": [
        "win32"
      ]
    },
    "node_modules/@types/estree": {
      "version": "1.0.6",
      "resolved": "https://registry.npmmirror.com/@types/estree/-/estree-1.0.6.tgz",
      "integrity": "sha512-AYnb1nQyY49te+VRAVgmzfcgjYS91mY5P0TKUDCLEM+gNnA+3T6rWITXRLYCpahpqSQbN5cE+gHpnPyXjHWxcw==",
      "dev": true
    },
    "node_modules/@vitejs/plugin-vue": {
      "version": "5.1.4",
      "resolved": "https://registry.npmmirror.com/@vitejs/plugin-vue/-/plugin-vue-5.1.4.tgz",
      "integrity": "sha512-N2XSI2n3sQqp5w7Y/AN/L2XDjBIRGqXko+eDp42sydYSBeJuSm5a1sLf8zakmo8u7tA8NmBgoDLA1HeOESjp9A==",
      "dev": true,
      "engines": {
        "node": "^18.0.0 || >=20.0.0"
      },
      "peerDependencies": {
        "vite": "^5.0.0",
        "vue": "^3.2.25"
      }
    },
    "node_modules/@vue/compiler-core": {
      "version": "3.5.12",
      "resolved": "https://registry.npmmirror.com/@vue/compiler-core/-/compiler-core-3.5.12.tgz",
      "integrity": "sha512-ISyBTRMmMYagUxhcpyEH0hpXRd/KqDU4ymofPgl2XAkY9ZhQ+h0ovEZJIiPop13UmR/54oA2cgMDjgroRelaEw==",
      "dependencies": {
        "@babel/parser": "^7.25.3",
        "@vue/shared": "3.5.12",
        "entities": "^4.5.0",
        "estree-walker": "^2.0.2",
        "source-map-js": "^1.2.0"
      }
    },
    "node_modules/@vue/compiler-dom": {
      "version": "3.5.12",
      "resolved": "https://registry.npmmirror.com/@vue/compiler-dom/-/compiler-dom-3.5.12.tgz",
      "integrity": "sha512-9G6PbJ03uwxLHKQ3P42cMTi85lDRvGLB2rSGOiQqtXELat6uI4n8cNz9yjfVHRPIu+MsK6TE418Giruvgptckg==",
      "dependencies": {
        "@vue/compiler-core": "3.5.12",
        "@vue/shared": "3.5.12"
      }
    },
    "node_modules/@vue/compiler-sfc": {
      "version": "3.5.12",
      "resolved": "https://registry.npmmirror.com/@vue/compiler-sfc/-/compiler-sfc-3.5.12.tgz",
      "integrity": "sha512-2k973OGo2JuAa5+ZlekuQJtitI5CgLMOwgl94BzMCsKZCX/xiqzJYzapl4opFogKHqwJk34vfsaKpfEhd1k5nw==",
      "dependencies": {
        "@babel/parser": "^7.25.3",
        "@vue/compiler-core": "3.5.12",
        "@vue/compiler-dom": "3.5.12",
        "@vue/compiler-ssr": "3.5.12",
        "@vue/shared": "3.5.12",
        "estree-walker": "^2.0.2",
        "magic-string": "^0.30.11",
        "postcss": "^8.4.47",
        "source-map-js": "^1.2.0"
      }
    },
    "node_modules/@vue/compiler-ssr": {
      "version": "3.5.12",
      "resolved": "https://registry.npmmirror.com/@vue/compiler-ssr/-/compiler-ssr-3.5.12.tgz",
      "integrity": "sha512-eLwc7v6bfGBSM7wZOGPmRavSWzNFF6+PdRhE+VFJhNCgHiF8AM7ccoqcv5kBXA2eWUfigD7byekvf/JsOfKvPA==",
      "dependencies": {
        "@vue/compiler-dom": "3.5.12",
        "@vue/shared": "3.5.12"
      }
    },
    "node_modules/@vue/reactivity": {
      "version": "3.5.12",
      "resolved": "https://registry.npmmirror.com/@vue/reactivity/-/reactivity-3.5.12.tgz",
      "integrity": "sha512-UzaN3Da7xnJXdz4Okb/BGbAaomRHc3RdoWqTzlvd9+WBR5m3J39J1fGcHes7U3za0ruYn/iYy/a1euhMEHvTAg==",
      "dependencies": {
        "@vue/shared": "3.5.12"
      }
    },
    "node_modules/@vue/runtime-core": {
      "version": "3.5.12",
      "resolved": "https://registry.npmmirror.com/@vue/runtime-core/-/runtime-core-3.5.12.tgz",
      "integrity": "sha512-hrMUYV6tpocr3TL3Ad8DqxOdpDe4zuQY4HPY3X/VRh+L2myQO8MFXPAMarIOSGNu0bFAjh1yBkMPXZBqCk62Uw==",
      "dependencies": {
        "@vue/reactivity": "3.5.12",
        "@vue/shared": "3.5.12"
      }
    },
    "node_modules/@vue/runtime-dom": {
      "version": "3.5.12",
      "resolved": "https://registry.npmmirror.com/@vue/runtime-dom/-/runtime-dom-3.5.12.tgz",
      "integrity": "sha512-q8VFxR9A2MRfBr6/55Q3umyoN7ya836FzRXajPB6/Vvuv0zOPL+qltd9rIMzG/DbRLAIlREmnLsplEF/kotXKA==",
      "dependencies": {
        "@vue/reactivity": "3.5.12",
        "@vue/runtime-core": "3.5.12",
        "@vue/shared": "3.5.12",
        "csstype": "^3.1.3"
      }
    },
    "node_modules/@vue/server-renderer": {
      "version": "3.5.12",
      "resolved": "https://registry.npmmirror.com/@vue/server-renderer/-/server-renderer-3.5.12.tgz",
      "integrity": "sha512-I3QoeDDeEPZm8yR28JtY+rk880Oqmj43hreIBVTicisFTx/Dl7JpG72g/X7YF8hnQD3IFhkky5i2bPonwrTVPg==",
      "dependencies": {
        "@vue/compiler-ssr": "3.5.12",
        "@vue/shared": "3.5.12"
      },
      "peerDependencies": {
        "vue": "3.5.12"
      }
    },
    "node_modules/@vue/shared": {
      "version": "3.5.12",
      "resolved": "https://registry.npmmirror.com/@vue/shared/-/shared-3.5.12.tgz",
      "integrity": "sha512-L2RPSAwUFbgZH20etwrXyVyCBu9OxRSi8T/38QsvnkJyvq2LufW2lDCOzm7t/U9C1mkhJGWYfCuFBCmIuNivrg=="
    },
    "node_modules/crelt": {
      "version": "1.0.6",
      "resolved": "https://registry.npmmirror.com/crelt/-/crelt-1.0.6.tgz",
      "integrity": "sha512-VQ2MBenTq1fWZUH9DJNGti7kKv6EeAuYr3cLwxUWhIu1baTaXh4Ib5W2CqHVqib4/MqbYGJqiL3Zb8GJZr3l4g=="
    },
    "node_modules/csstype": {
      "version": "3.1.3",
      "resolved": "https://registry.npmmirror.com/csstype/-/csstype-3.1.3.tgz",
      "integrity": "sha512-M1uQkMl8rQK/szD0LNhtqxIPLpimGm8sOBwU7lLnCpSbTyY3yeU1Vc7l4KT5zT4s/yOxHH5O7tIuuLOCnLADRw=="
    },
    "node_modules/entities": {
      "version": "4.5.0",
      "resolved": "https://registry.npmmirror.com/entities/-/entities-4.5.0.tgz",
      "integrity": "sha512-V0hjH4dGPh9Ao5p0MoRY6BVqtwCjhz6vI5LT8AJ55H+4g9/4vbHx1I54fS0XuclLhDHArPQCiMjDxjaL8fPxhw==",
      "engines": {
        "node": ">=0.12"
      },
      "funding": {
        "url": "https://github.com/fb55/entities?sponsor=1"
      }
    },
    "node_modules/esbuild": {
      "version": "0.21.5",
      "resolved": "https://registry.npmmirror.com/esbuild/-/esbuild-0.21.5.tgz",
      "integrity": "sha512-mg3OPMV4hXywwpoDxu3Qda5xCKQi+vCTZq8S9J/EpkhB2HzKXq4SNFZE3+NK93JYxc8VMSep+lOUSC/RVKaBqw==",
      "dev": true,
      "hasInstallScript": true,
      "bin": {
        "esbuild": "bin/esbuild"
      },
      "engines": {
        "node": ">=12"
      },
      "optionalDependencies": {
        "@esbuild/aix-ppc64": "0.21.5",
        "@esbuild/android-arm": "0.21.5",
        "@esbuild/android-arm64": "0.21.5",
        "@esbuild/android-x64": "0.21.5",
        "@esbuild/darwin-arm64": "0.21.5",
        "@esbuild/darwin-x64": "0.21.5",
        "@esbuild/freebsd-arm64": "0.21.5",
        "@esbuild/freebsd-x64": "0.21.5",
        "@esbuild/linux-arm": "0.21.5",
        "@esbuild/linux-arm64": "0.21.5",
        "@esbuild/linux-ia32": "0.21.5",
        "@esbuild/linux-loong64": "0.21.5",
        "@esbuild/linux-mips64el": "0.21.5",
        "@esbuild/linux-ppc64": "0.21.5",
        "@esbuild/linux-riscv64": "0.21.5",
        "@esbuild/linux-s390x": "0.21.5",
        "@esbuild/linux-x64": "0.21.5",
        "@esbuild/netbsd-x64": "0.21.5",
        "@esbuild/openbsd-x64": "0.21.5",
        "@esbuild/sunos-x64": "0.21.5",
        "@esbuild/win32-arm64": "0.21.5",
        "@esbuild/win32-ia32": "0.21.5",
        "@esbuild/win32-x64": "0.21.5"
      }
    },
    "node_modules/estree-walker": {
      "version": "2.0.2",
      "resolved": "https://registry.npmmirror.com/estree-walker/-/estree-walker-2.0.2.tgz",
      "integrity": "sha512-Rfkk/Mp/DL7JVje3u18FxFujQlTNR2q6QfMSMB7AvCBx91NGj/ba3kCfza0f6dVDbw7YlRf/nDrn7pQrCCyQ/w=="
    },
    "node_modules/fsevents": {
      "version": "2.3.3",
      "resolved": "https://registry.npmmirror.com/fsevents/-/fsevents-2.3.3.tgz",
      "integrity": "sha512-5xoDfX+fL7faATnagmWPpbFtwh/R77WmMMqqHGS65C3vvB0YHrgF+B1YmZ3441tMj5n63k0212XNoJwzlhffQw==",
      "dev": true,
      "hasInstallScript": true,
      "optional": true,
      "os": [
        "darwin"
      ],
      "engines": {
        "node": "^8.16.0 || ^10.6.0 || >=11.0.0"
      }
    },
    "node_modules/magic-string": {
      "version": "0.30.12",
      "resolved": "https://registry.npmmirror.com/magic-string/-/magic-string-0.30.12.tgz",
      "integrity": "sha512-Ea8I3sQMVXr8JhN4z+H/d8zwo+tYDgHE9+5G4Wnrwhs0gaK9fXTKx0Tw5Xwsd/bCPTTZNRAdpyzvoeORe9LYpw==",
      "dependencies": {
        "@jridgewell/sourcemap-codec": "^1.5.0"
      }
    },
    "node_modules/nanoid": {
      "version": "3.3.7",
      "resolved": "https://registry.npmmirror.com/nanoid/-/nanoid-3.3.7.tgz",
      "integrity": "sha512-eSRppjcPIatRIMC1U6UngP8XFcz8MQWGQdt1MTBQ7NaAmvXDfvNxbvWV3x2y6CdEUciCSsDHDQZbhYaB8QEo2g==",
      "funding": [
        {
          "type": "github",
          "url": "https://github.com/sponsors/ai"
        }
      ],
      "bin": {
        "nanoid": "bin/nanoid.cjs"
      },
      "engines": {
        "node": "^10 || ^12 || ^13.7 || ^14 || >=15.0.1"
      }
    },
    "node_modules/picocolors": {
      "version": "1.1.1",
      "resolved": "https://registry.npmmirror.com/picocolors/-/picocolors-1.1.1.tgz",
      "integrity": "sha512-xceH2snhtb5M9liqDsmEw56le376mTZkEX/jEb/RxNFyegNul7eNslCXP9FDj/Lcu0X8KEyMceP2ntpaHrDEVA=="
    },
    "node_modules/postcss": {
      "version": "8.4.47",
      "resolved": "https://registry.npmmirror.com/postcss/-/postcss-8.4.47.tgz",
      "integrity": "sha512-56rxCq7G/XfB4EkXq9Egn5GCqugWvDFjafDOThIdMBsI15iqPqR5r15TfSr1YPYeEI19YeaXMCbY6u88Y76GLQ==",
      "funding": [
        {
          "type": "opencollective",
          "url": "https://opencollective.com/postcss/"
        },
        {
          "type": "tidelift",
          "url": "https://tidelift.com/funding/github/npm/postcss"
        },
        {
          "type": "github",
          "url": "https://github.com/sponsors/ai"
        }
      ],
      "dependencies": {
        "nanoid": "^3.3.7",
        "picocolors": "^1.1.0",
        "source-map-js": "^1.2.1"
      },
      "engines": {
        "node": "^10 || ^12 || >=14"
      }
    },
    "node_modules/rollup": {
      "version": "4.24.3",
      "resolved": "https://registry.npmmirror.com/rollup/-/rollup-4.24.3.tgz",
      "integrity": "sha512-HBW896xR5HGmoksbi3JBDtmVzWiPAYqp7wip50hjQ67JbDz61nyoMPdqu1DvVW9asYb2M65Z20ZHsyJCMqMyDg==",
      "dev": true,
      "dependencies": {
        "@types/estree": "1.0.6"
      },
      "bin": {
        "rollup": "dist/bin/rollup"
      },
      "engines": {
        "node": ">=18.0.0",
        "npm": ">=8.0.0"
      },
      "optionalDependencies": {
        "@rollup/rollup-android-arm-eabi": "4.24.3",
        "@rollup/rollup-android-arm64": "4.24.3",
        "@rollup/rollup-darwin-arm64": "4.24.3",
        "@rollup/rollup-darwin-x64": "4.24.3",
        "@rollup/rollup-freebsd-arm64": "4.24.3",
        "@rollup/rollup-freebsd-x64": "4.24.3",
        "@rollup/rollup-linux-arm-gnueabihf": "4.24.3",
        "@rollup/rollup-linux-arm-musleabihf": "4.24.3",
        "@rollup/rollup-linux-arm64-gnu": "4.24.3",
        "@rollup/rollup-linux-arm64-musl": "4.24.3",
        "@rollup/rollup-linux-powerpc64le-gnu": "4.24.3",
        "@rollup/rollup-linux-riscv64-gnu": "4.24.3",
        "@rollup/rollup-linux-s390x-gnu": "4.24.3",
        "@rollup/rollup-linux-x64-gnu": "4.24.3",
        "@rollup/rollup-linux-x64-musl": "4.24.3",
        "@rollup/rollup-win32-arm64-msvc": "4.24.3",
        "@rollup/rollup-win32-ia32-msvc": "4.24.3",
        "@rollup/rollup-win32-x64-msvc": "4.24.3",
        "fsevents": "~2.3.2"
      }
    },
    "node_modules/source-map-js": {
      "version": "1.2.1",
      "resolved": "https://registry.npmmirror.com/source-map-js/-/source-map-js-1.2.1.tgz",
      "integrity": "sha512-UXWMKhLOwVKb728IUtQPXxfYU+usdybtUrK/8uGE8CQMvrhOpwvzDBwj0QhSL7MQc7vIsISBG8VQ8+IDQxpfQA==",
      "engines": {
        "node": ">=0.10.0"
      }
    },
    "node_modules/style-mod": {
      "version": "4.1.2",
      "resolved": "https://registry.npmmirror.com/style-mod/-/style-mod-4.1.2.tgz",
      "integrity": "sha512-wnD1HyVqpJUI2+eKZ+eo1UwghftP6yuFheBqqe+bWCotBjC2K1YnteJILRMs3SM4V/0dLEW1SC27MWP5y+mwmw=="
    },
    "node_modules/vite": {
      "version": "5.4.10",
      "resolved": "https://registry.npmmirror.com/vite/-/vite-5.4.10.tgz",
      "integrity": "sha512-1hvaPshuPUtxeQ0hsVH3Mud0ZanOLwVTneA1EgbAM5LhaZEqyPWGRQ7BtaMvUrTDeEaC8pxtj6a6jku3x4z6SQ==",
      "dev": true,
      "dependencies": {
        "esbuild": "^0.21.3",
        "postcss": "^8.4.43",
        "rollup": "^4.20.0"
      },
      "bin": {
        "vite": "bin/vite.js"
      },
      "engines": {
        "node": "^18.0.0 || >=20.0.0"
      },
      "funding": {
        "url": "https://github.com/vitejs/vite?sponsor=1"
      },
      "optionalDependencies": {
        "fsevents": "~2.3.3"
      },
      "peerDependencies": {
        "@types/node": "^18.0.0 || >=20.0.0",
        "less": "*",
        "lightningcss": "^1.21.0",
        "sass": "*",
        "sass-embedded": "*",
        "stylus": "*",
        "sugarss": "*",
        "terser": "^5.4.0"
      },
      "peerDependenciesMeta": {
        "@types/node": {
          "optional": true
        },
        "less": {
          "optional": true
        },
        "lightningcss": {
          "optional": true
        },
        "sass": {
          "optional": true
        },
        "sass-embedded": {
          "optional": true
        },
        "stylus": {
          "optional": true
        },
        "sugarss": {
          "optional": true
        },
        "terser": {
          "optional": true
        }
      }
    },
    "node_modules/vue": {
      "version": "3.5.12",
      "resolved": "https://registry.npmmirror.com/vue/-/vue-3.5.12.tgz",
      "integrity": "sha512-CLVZtXtn2ItBIi/zHZ0Sg1Xkb7+PU32bJJ8Bmy7ts3jxXTcbfsEfBivFYYWz1Hur+lalqGAh65Coin0r+HRUfg==",
      "dependencies": {
        "@vue/compiler-dom": "3.5.12",
        "@vue/compiler-sfc": "3.5.12",
        "@vue/runtime-dom": "3.5.12",
        "@vue/server-renderer": "3.5.12",
        "@vue/shared": "3.5.12"
      },
      "peerDependencies": {
        "typescript": "*"
      },
      "peerDependenciesMeta": {
        "typescript": {
          "optional": true
        }
      }
    },
    "node_modules/w3c-keyname": {
      "version": "2.2.8",
      "resolved": "https://registry.npmmirror.com/w3c-keyname/-/w3c-keyname-2.2.8.tgz",
      "integrity": "sha512-dpojBhNsCNN7T82Tm7k26A6G9ML3NkhDsnw9n/eoxSRlVBB4CEtIQ/KTCLI2Fwf3ataSXRhYFkQi3SlnFwPvPQ=="
    }
  }
}
